// !$*UTF8*$!
{
	archiveVersion = 1;
	classes = {
	};
	objectVersion = 46;
	objects = {

/* Begin PBXBuildFile section */
		19331B8F1EB7BD6A0048899E /* PokemonDetailVC.swift in Sources */ = {isa = PBXBuildFile; fileRef = 19331B8E1EB7BD6A0048899E /* PokemonDetailVC.swift */; };
		19331B911EB8302E0048899E /* Constants.swift in Sources */ = {isa = PBXBuildFile; fileRef = 19331B901EB8302E0048899E /* Constants.swift */; };
		19A891FE1EB6E33E0025529F /* AppDelegate.swift in Sources */ = {isa = PBXBuildFile; fileRef = 19A891FD1EB6E33E0025529F /* AppDelegate.swift */; };
		19A892001EB6E33E0025529F /* ViewController.swift in Sources */ = {isa = PBXBuildFile; fileRef = 19A891FF1EB6E33E0025529F /* ViewController.swift */; };
		19A892031EB6E33E0025529F /* Main.storyboard in Resources */ = {isa = PBXBuildFile; fileRef = 19A892011EB6E33E0025529F /* Main.storyboard */; };
		19A892051EB6E33E0025529F /* Assets.xcassets in Resources */ = {isa = PBXBuildFile; fileRef = 19A892041EB6E33E0025529F /* Assets.xcassets */; };
		19A892081EB6E33E0025529F /* LaunchScreen.storyboard in Resources */ = {isa = PBXBuildFile; fileRef = 19A892061EB6E33E0025529F /* LaunchScreen.storyboard */; };
		19A892131EB6E33E0025529F /* pokedexTests.swift in Sources */ = {isa = PBXBuildFile; fileRef = 19A892121EB6E33E0025529F /* pokedexTests.swift */; };
		19A8921E1EB6E33F0025529F /* pokedexUITests.swift in Sources */ = {isa = PBXBuildFile; fileRef = 19A8921D1EB6E33F0025529F /* pokedexUITests.swift */; };
		19A8922E1EB6E7C60025529F /* Pokemon.swift in Sources */ = {isa = PBXBuildFile; fileRef = 19A8922D1EB6E7C60025529F /* Pokemon.swift */; };
		19A892321EB6EC6D0025529F /* PokeCell.swift in Sources */ = {isa = PBXBuildFile; fileRef = 19A892311EB6EC6D0025529F /* PokeCell.swift */; };
		19A892361EB6F3E40025529F /* pokemon.csv in Resources */ = {isa = PBXBuildFile; fileRef = 19A892351EB6F3E40025529F /* pokemon.csv */; };
		19A892381EB6F3F10025529F /* csv.swift in Sources */ = {isa = PBXBuildFile; fileRef = 19A892371EB6F3F10025529F /* csv.swift */; };
		19A8923A1EB798FF0025529F /* Pokemon.ttf in Resources */ = {isa = PBXBuildFile; fileRef = 19A892391EB798FF0025529F /* Pokemon.ttf */; };
		19A8923E1EB79A7E0025529F /* music.mp3 in Resources */ = {isa = PBXBuildFile; fileRef = 19A8923D1EB79A7E0025529F /* music.mp3 */; };
		19A892401EB79A870025529F /* music.png in Resources */ = {isa = PBXBuildFile; fileRef = 19A8923F1EB79A870025529F /* music.png */; };
		D1995E4DC25F72CBC9E09205 /* Pods_pokedex.framework in Frameworks */ = {isa = PBXBuildFile; fileRef = 0120B99EFFCD8ACBBCBF18C4 /* Pods_pokedex.framework */; };
		F2907E147B9E0A308B71D06E /* Pods_pokedexTests.framework in Frameworks */ = {isa = PBXBuildFile; fileRef = D1C37ED36D5A7542D67F6044 /* Pods_pokedexTests.framework */; };
		F51BF431609C95D9BA8767A2 /* Pods_pokedexUITests.framework in Frameworks */ = {isa = PBXBuildFile; fileRef = 9E99C856C0A30F3879364F55 /* Pods_pokedexUITests.framework */; };
/* End PBXBuildFile section */

/* Begin PBXContainerItemProxy section */
		19A8920F1EB6E33E0025529F /* PBXContainerItemProxy */ = {
			isa = PBXContainerItemProxy;
			containerPortal = 19A891F21EB6E33E0025529F /* Project object */;
			proxyType = 1;
			remoteGlobalIDString = 19A891F91EB6E33E0025529F;
			remoteInfo = pokedex;
		};
		19A8921A1EB6E33E0025529F /* PBXContainerItemProxy */ = {
			isa = PBXContainerItemProxy;
			containerPortal = 19A891F21EB6E33E0025529F /* Project object */;
			proxyType = 1;
			remoteGlobalIDString = 19A891F91EB6E33E0025529F;
			remoteInfo = pokedex;
		};
/* End PBXContainerItemProxy section */

/* Begin PBXFileReference section */
		0120B99EFFCD8ACBBCBF18C4 /* Pods_pokedex.framework */ = {isa = PBXFileReference; explicitFileType = wrapper.framework; includeInIndex = 0; path = Pods_pokedex.framework; sourceTree = BUILT_PRODUCTS_DIR; };
		04EF15E1713BC7879821053E /* Pods-pokedex.release.xcconfig */ = {isa = PBXFileReference; includeInIndex = 1; lastKnownFileType = text.xcconfig; name = "Pods-pokedex.release.xcconfig"; path = "Pods/Target Support Files/Pods-pokedex/Pods-pokedex.release.xcconfig"; sourceTree = "<group>"; };
		19331B8E1EB7BD6A0048899E /* PokemonDetailVC.swift */ = {isa = PBXFileReference; fileEncoding = 4; lastKnownFileType = sourcecode.swift; path = PokemonDetailVC.swift; sourceTree = "<group>"; };
		19331B901EB8302E0048899E /* Constants.swift */ = {isa = PBXFileReference; fileEncoding = 4; lastKnownFileType = sourcecode.swift; path = Constants.swift; sourceTree = "<group>"; };
		19A891FA1EB6E33E0025529F /* pokedex.app */ = {isa = PBXFileReference; explicitFileType = wrapper.application; includeInIndex = 0; path = pokedex.app; sourceTree = BUILT_PRODUCTS_DIR; };
		19A891FD1EB6E33E0025529F /* AppDelegate.swift */ = {isa = PBXFileReference; lastKnownFileType = sourcecode.swift; path = AppDelegate.swift; sourceTree = "<group>"; };
		19A891FF1EB6E33E0025529F /* ViewController.swift */ = {isa = PBXFileReference; lastKnownFileType = sourcecode.swift; path = ViewController.swift; sourceTree = "<group>"; };
		19A892021EB6E33E0025529F /* Base */ = {isa = PBXFileReference; lastKnownFileType = file.storyboard; name = Base; path = Base.lproj/Main.storyboard; sourceTree = "<group>"; };
		19A892041EB6E33E0025529F /* Assets.xcassets */ = {isa = PBXFileReference; lastKnownFileType = folder.assetcatalog; path = Assets.xcassets; sourceTree = "<group>"; };
		19A892071EB6E33E0025529F /* Base */ = {isa = PBXFileReference; lastKnownFileType = file.storyboard; name = Base; path = Base.lproj/LaunchScreen.storyboard; sourceTree = "<group>"; };
		19A892091EB6E33E0025529F /* Info.plist */ = {isa = PBXFileReference; lastKnownFileType = text.plist.xml; path = Info.plist; sourceTree = "<group>"; };
		19A8920E1EB6E33E0025529F /* pokedexTests.xctest */ = {isa = PBXFileReference; explicitFileType = wrapper.cfbundle; includeInIndex = 0; path = pokedexTests.xctest; sourceTree = BUILT_PRODUCTS_DIR; };
		19A892121EB6E33E0025529F /* pokedexTests.swift */ = {isa = PBXFileReference; lastKnownFileType = sourcecode.swift; path = pokedexTests.swift; sourceTree = "<group>"; };
		19A892141EB6E33E0025529F /* Info.plist */ = {isa = PBXFileReference; lastKnownFileType = text.plist.xml; path = Info.plist; sourceTree = "<group>"; };
		19A892191EB6E33E0025529F /* pokedexUITests.xctest */ = {isa = PBXFileReference; explicitFileType = wrapper.cfbundle; includeInIndex = 0; path = pokedexUITests.xctest; sourceTree = BUILT_PRODUCTS_DIR; };
		19A8921D1EB6E33F0025529F /* pokedexUITests.swift */ = {isa = PBXFileReference; lastKnownFileType = sourcecode.swift; path = pokedexUITests.swift; sourceTree = "<group>"; };
		19A8921F1EB6E33F0025529F /* Info.plist */ = {isa = PBXFileReference; lastKnownFileType = text.plist.xml; path = Info.plist; sourceTree = "<group>"; };
		19A8922D1EB6E7C60025529F /* Pokemon.swift */ = {isa = PBXFileReference; fileEncoding = 4; lastKnownFileType = sourcecode.swift; path = Pokemon.swift; sourceTree = "<group>"; };
		19A892311EB6EC6D0025529F /* PokeCell.swift */ = {isa = PBXFileReference; fileEncoding = 4; lastKnownFileType = sourcecode.swift; path = PokeCell.swift; sourceTree = "<group>"; };
		19A892351EB6F3E40025529F /* pokemon.csv */ = {isa = PBXFileReference; fileEncoding = 4; lastKnownFileType = text; name = pokemon.csv; path = "../../../pokeapi-master/data/v1/pokemon.csv"; sourceTree = "<group>"; };
		19A892371EB6F3F10025529F /* csv.swift */ = {isa = PBXFileReference; fileEncoding = 4; lastKnownFileType = sourcecode.swift; name = csv.swift; path = "../../../csvswift-master/csv.swift"; sourceTree = "<group>"; };
		19A892391EB798FF0025529F /* Pokemon.ttf */ = {isa = PBXFileReference; lastKnownFileType = file; name = Pokemon.ttf; path = ../../../../../Downloads/pokemon/Pokemon.ttf; sourceTree = "<group>"; };
		19A8923D1EB79A7E0025529F /* music.mp3 */ = {isa = PBXFileReference; lastKnownFileType = audio.mp3; name = music.mp3; path = ../../../../../Downloads/pokedex3/pokedex3/music.mp3; sourceTree = "<group>"; };
		19A8923F1EB79A870025529F /* music.png */ = {isa = PBXFileReference; lastKnownFileType = image.png; name = music.png; path = ../../../../../Downloads/pokedex3/pokedex3/music.png; sourceTree = "<group>"; };
		5E365A3B89A31C5448299F17 /* Pods-pokedexUITests.release.xcconfig */ = {isa = PBXFileReference; includeInIndex = 1; lastKnownFileType = text.xcconfig; name = "Pods-pokedexUITests.release.xcconfig"; path = "Pods/Target Support Files/Pods-pokedexUITests/Pods-pokedexUITests.release.xcconfig"; sourceTree = "<group>"; };
		64B15062E570B1EF11E44723 /* Pods-pokedex.debug.xcconfig */ = {isa = PBXFileReference; includeInIndex = 1; lastKnownFileType = text.xcconfig; name = "Pods-pokedex.debug.xcconfig"; path = "Pods/Target Support Files/Pods-pokedex/Pods-pokedex.debug.xcconfig"; sourceTree = "<group>"; };
		734DEA1F182B9AADE3AA1102 /* Pods-pokedexTests.debug.xcconfig */ = {isa = PBXFileReference; includeInIndex = 1; lastKnownFileType = text.xcconfig; name = "Pods-pokedexTests.debug.xcconfig"; path = "Pods/Target Support Files/Pods-pokedexTests/Pods-pokedexTests.debug.xcconfig"; sourceTree = "<group>"; };
		8201B7B96D4DA8A4A0D18DBD /* Pods-pokedexTests.release.xcconfig */ = {isa = PBXFileReference; includeInIndex = 1; lastKnownFileType = text.xcconfig; name = "Pods-pokedexTests.release.xcconfig"; path = "Pods/Target Support Files/Pods-pokedexTests/Pods-pokedexTests.release.xcconfig"; sourceTree = "<group>"; };
		9E99C856C0A30F3879364F55 /* Pods_pokedexUITests.framework */ = {isa = PBXFileReference; explicitFileType = wrapper.framework; includeInIndex = 0; path = Pods_pokedexUITests.framework; sourceTree = BUILT_PRODUCTS_DIR; };
		D1C37ED36D5A7542D67F6044 /* Pods_pokedexTests.framework */ = {isa = PBXFileReference; explicitFileType = wrapper.framework; includeInIndex = 0; path = Pods_pokedexTests.framework; sourceTree = BUILT_PRODUCTS_DIR; };
		DCB17300CEDFE791CE6F9083 /* Pods-pokedexUITests.debug.xcconfig */ = {isa = PBXFileReference; includeInIndex = 1; lastKnownFileType = text.xcconfig; name = "Pods-pokedexUITests.debug.xcconfig"; path = "Pods/Target Support Files/Pods-pokedexUITests/Pods-pokedexUITests.debug.xcconfig"; sourceTree = "<group>"; };
/* End PBXFileReference section */

/* Begin PBXFrameworksBuildPhase section */
		19A891F71EB6E33E0025529F /* Frameworks */ = {
			isa = PBXFrameworksBuildPhase;
			buildActionMask = 2147483647;
			files = (
				D1995E4DC25F72CBC9E09205 /* Pods_pokedex.framework in Frameworks */,
			);
			runOnlyForDeploymentPostprocessing = 0;
		};
		19A8920B1EB6E33E0025529F /* Frameworks */ = {
			isa = PBXFrameworksBuildPhase;
			buildActionMask = 2147483647;
			files = (
				F2907E147B9E0A308B71D06E /* Pods_pokedexTests.framework in Frameworks */,
			);
			runOnlyForDeploymentPostprocessing = 0;
		};
		19A892161EB6E33E0025529F /* Frameworks */ = {
			isa = PBXFrameworksBuildPhase;
			buildActionMask = 2147483647;
			files = (
				F51BF431609C95D9BA8767A2 /* Pods_pokedexUITests.framework in Frameworks */,
			);
			runOnlyForDeploymentPostprocessing = 0;
		};
/* End PBXFrameworksBuildPhase section */

/* Begin PBXGroup section */
		19A891F11EB6E33E0025529F = {
			isa = PBXGroup;
			children = (
				19A891FC1EB6E33E0025529F /* pokedex */,
				19A892111EB6E33E0025529F /* pokedexTests */,
				19A8921C1EB6E33F0025529F /* pokedexUITests */,
				19A891FB1EB6E33E0025529F /* Products */,
				D5C1A9D661B807C9AD78F651 /* Pods */,
				AE93A18FC2C0F8171E62B715 /* Frameworks */,
			);
			sourceTree = "<group>";
		};
		19A891FB1EB6E33E0025529F /* Products */ = {
			isa = PBXGroup;
			children = (
				19A891FA1EB6E33E0025529F /* pokedex.app */,
				19A8920E1EB6E33E0025529F /* pokedexTests.xctest */,
				19A892191EB6E33E0025529F /* pokedexUITests.xctest */,
			);
			name = Products;
			sourceTree = "<group>";
		};
		19A891FC1EB6E33E0025529F /* pokedex */ = {
			isa = PBXGroup;
			children = (
				19A8922F1EB6E7CA0025529F /* Model */,
				19A892301EB6EC480025529F /* View */,
				19A8923C1EB799520025529F /* Controller */,
				19A892011EB6E33E0025529F /* Main.storyboard */,
				19A892041EB6E33E0025529F /* Assets.xcassets */,
				19A892371EB6F3F10025529F /* csv.swift */,
				19A8923B1EB7992F0025529F /* Resources */,
				19A892061EB6E33E0025529F /* LaunchScreen.storyboard */,
				19A892091EB6E33E0025529F /* Info.plist */,
			);
			path = pokedex;
			sourceTree = "<group>";
		};
		19A892111EB6E33E0025529F /* pokedexTests */ = {
			isa = PBXGroup;
			children = (
				19A892121EB6E33E0025529F /* pokedexTests.swift */,
				19A892141EB6E33E0025529F /* Info.plist */,
			);
			path = pokedexTests;
			sourceTree = "<group>";
		};
		19A8921C1EB6E33F0025529F /* pokedexUITests */ = {
			isa = PBXGroup;
			children = (
				19A8921D1EB6E33F0025529F /* pokedexUITests.swift */,
				19A8921F1EB6E33F0025529F /* Info.plist */,
			);
			path = pokedexUITests;
			sourceTree = "<group>";
		};
		19A8922F1EB6E7CA0025529F /* Model */ = {
			isa = PBXGroup;
			children = (
				19A891FD1EB6E33E0025529F /* AppDelegate.swift */,
				19A8922D1EB6E7C60025529F /* Pokemon.swift */,
			);
			name = Model;
			sourceTree = "<group>";
		};
		19A892301EB6EC480025529F /* View */ = {
			isa = PBXGroup;
			children = (
				19A892311EB6EC6D0025529F /* PokeCell.swift */,
			);
			name = View;
			sourceTree = "<group>";
		};
		19A8923B1EB7992F0025529F /* Resources */ = {
			isa = PBXGroup;
			children = (
				19A892351EB6F3E40025529F /* pokemon.csv */,
				19A892391EB798FF0025529F /* Pokemon.ttf */,
				19A8923D1EB79A7E0025529F /* music.mp3 */,
				19A8923F1EB79A870025529F /* music.png */,
				19331B901EB8302E0048899E /* Constants.swift */,
			);
			name = Resources;
			sourceTree = "<group>";
		};
		19A8923C1EB799520025529F /* Controller */ = {
			isa = PBXGroup;
			children = (
				19A891FF1EB6E33E0025529F /* ViewController.swift */,
				19331B8E1EB7BD6A0048899E /* PokemonDetailVC.swift */,
			);
			name = Controller;
			sourceTree = "<group>";
		};
		AE93A18FC2C0F8171E62B715 /* Frameworks */ = {
			isa = PBXGroup;
			children = (
				0120B99EFFCD8ACBBCBF18C4 /* Pods_pokedex.framework */,
				D1C37ED36D5A7542D67F6044 /* Pods_pokedexTests.framework */,
				9E99C856C0A30F3879364F55 /* Pods_pokedexUITests.framework */,
			);
			name = Frameworks;
			sourceTree = "<group>";
		};
		D5C1A9D661B807C9AD78F651 /* Pods */ = {
			isa = PBXGroup;
			children = (
				64B15062E570B1EF11E44723 /* Pods-pokedex.debug.xcconfig */,
				04EF15E1713BC7879821053E /* Pods-pokedex.release.xcconfig */,
				734DEA1F182B9AADE3AA1102 /* Pods-pokedexTests.debug.xcconfig */,
				8201B7B96D4DA8A4A0D18DBD /* Pods-pokedexTests.release.xcconfig */,
				DCB17300CEDFE791CE6F9083 /* Pods-pokedexUITests.debug.xcconfig */,
				5E365A3B89A31C5448299F17 /* Pods-pokedexUITests.release.xcconfig */,
			);
			name = Pods;
			sourceTree = "<group>";
		};
/* End PBXGroup section */

/* Begin PBXNativeTarget section */
		19A891F91EB6E33E0025529F /* pokedex */ = {
			isa = PBXNativeTarget;
			buildConfigurationList = 19A892221EB6E33F0025529F /* Build configuration list for PBXNativeTarget "pokedex" */;
			buildPhases = (
				3A2C723A24B51FBE8EB1F713 /* [CP] Check Pods Manifest.lock */,
				19A891F61EB6E33E0025529F /* Sources */,
				19A891F71EB6E33E0025529F /* Frameworks */,
				19A891F81EB6E33E0025529F /* Resources */,
				A892B271867AEFA04ECFDBA0 /* [CP] Embed Pods Frameworks */,
				5967254E043BA0611CF9C7FA /* [CP] Copy Pods Resources */,
			);
			buildRules = (
			);
			dependencies = (
			);
			name = pokedex;
			productName = pokedex;
			productReference = 19A891FA1EB6E33E0025529F /* pokedex.app */;
			productType = "com.apple.product-type.application";
		};
		19A8920D1EB6E33E0025529F /* pokedexTests */ = {
			isa = PBXNativeTarget;
			buildConfigurationList = 19A892251EB6E33F0025529F /* Build configuration list for PBXNativeTarget "pokedexTests" */;
			buildPhases = (
				D6A546D827829F9899B0DF29 /* [CP] Check Pods Manifest.lock */,
				19A8920A1EB6E33E0025529F /* Sources */,
				19A8920B1EB6E33E0025529F /* Frameworks */,
				19A8920C1EB6E33E0025529F /* Resources */,
				43829E4F80AB15E71CCF3B97 /* [CP] Embed Pods Frameworks */,
				F83F3C7612C7E1CB2C4557A7 /* [CP] Copy Pods Resources */,
			);
			buildRules = (
			);
			dependencies = (
				19A892101EB6E33E0025529F /* PBXTargetDependency */,
			);
			name = pokedexTests;
			productName = pokedexTests;
			productReference = 19A8920E1EB6E33E0025529F /* pokedexTests.xctest */;
			productType = "com.apple.product-type.bundle.unit-test";
		};
		19A892181EB6E33E0025529F /* pokedexUITests */ = {
			isa = PBXNativeTarget;
			buildConfigurationList = 19A892281EB6E33F0025529F /* Build configuration list for PBXNativeTarget "pokedexUITests" */;
			buildPhases = (
				8E353F6BC5AA809B45A21468 /* [CP] Check Pods Manifest.lock */,
				19A892151EB6E33E0025529F /* Sources */,
				19A892161EB6E33E0025529F /* Frameworks */,
				19A892171EB6E33E0025529F /* Resources */,
				741F50374738E19CC441E329 /* [CP] Embed Pods Frameworks */,
				8A729C377CA1B5BE8B43BBA5 /* [CP] Copy Pods Resources */,
			);
			buildRules = (
			);
			dependencies = (
				19A8921B1EB6E33E0025529F /* PBXTargetDependency */,
			);
			name = pokedexUITests;
			productName = pokedexUITests;
			productReference = 19A892191EB6E33E0025529F /* pokedexUITests.xctest */;
			productType = "com.apple.product-type.bundle.ui-testing";
		};
/* End PBXNativeTarget section */

/* Begin PBXProject section */
		19A891F21EB6E33E0025529F /* Project object */ = {
			isa = PBXProject;
			attributes = {
				LastSwiftUpdateCheck = 0830;
				LastUpgradeCheck = 0830;
				ORGANIZATIONNAME = Toillion;
				TargetAttributes = {
					19A891F91EB6E33E0025529F = {
						CreatedOnToolsVersion = 8.3.2;
						DevelopmentTeam = CTY3C6S5RP;
						LastSwiftMigration = 0830;
						ProvisioningStyle = Automatic;
					};
					19A8920D1EB6E33E0025529F = {
						CreatedOnToolsVersion = 8.3.2;
						DevelopmentTeam = CTY3C6S5RP;
						ProvisioningStyle = Automatic;
						TestTargetID = 19A891F91EB6E33E0025529F;
					};
					19A892181EB6E33E0025529F = {
						CreatedOnToolsVersion = 8.3.2;
						DevelopmentTeam = CTY3C6S5RP;
						ProvisioningStyle = Automatic;
						TestTargetID = 19A891F91EB6E33E0025529F;
					};
				};
			};
			buildConfigurationList = 19A891F51EB6E33E0025529F /* Build configuration list for PBXProject "pokedex" */;
			compatibilityVersion = "Xcode 3.2";
			developmentRegion = English;
			hasScannedForEncodings = 0;
			knownRegions = (
				en,
				Base,
			);
			mainGroup = 19A891F11EB6E33E0025529F;
			productRefGroup = 19A891FB1EB6E33E0025529F /* Products */;
			projectDirPath = "";
			projectRoot = "";
			targets = (
				19A891F91EB6E33E0025529F /* pokedex */,
				19A8920D1EB6E33E0025529F /* pokedexTests */,
				19A892181EB6E33E0025529F /* pokedexUITests */,
			);
		};
/* End PBXProject section */

/* Begin PBXResourcesBuildPhase section */
		19A891F81EB6E33E0025529F /* Resources */ = {
			isa = PBXResourcesBuildPhase;
			buildActionMask = 2147483647;
			files = (
				19A8923A1EB798FF0025529F /* Pokemon.ttf in Resources */,
				19A892401EB79A870025529F /* music.png in Resources */,
				19A892081EB6E33E0025529F /* LaunchScreen.storyboard in Resources */,
				19A8923E1EB79A7E0025529F /* music.mp3 in Resources */,
				19A892051EB6E33E0025529F /* Assets.xcassets in Resources */,
				19A892361EB6F3E40025529F /* pokemon.csv in Resources */,
				19A892031EB6E33E0025529F /* Main.storyboard in Resources */,
			);
			runOnlyForDeploymentPostprocessing = 0;
		};
		19A8920C1EB6E33E0025529F /* Resources */ = {
			isa = PBXResourcesBuildPhase;
			buildActionMask = 2147483647;
			files = (
			);
			runOnlyForDeploymentPostprocessing = 0;
		};
		19A892171EB6E33E0025529F /* Resources */ = {
			isa = PBXResourcesBuildPhase;
			buildActionMask = 2147483647;
			files = (
			);
			runOnlyForDeploymentPostprocessing = 0;
		};
/* End PBXResourcesBuildPhase section */

/* Begin PBXShellScriptBuildPhase section */
		3A2C723A24B51FBE8EB1F713 /* [CP] Check Pods Manifest.lock */ = {
			isa = PBXShellScriptBuildPhase;
			buildActionMask = 2147483647;
			files = (
			);
			inputPaths = (
			);
			name = "[CP] Check Pods Manifest.lock";
			outputPaths = (
			);
			runOnlyForDeploymentPostprocessing = 0;
			shellPath = /bin/sh;
			shellScript = "diff \"${PODS_PODFILE_DIR_PATH}/Podfile.lock\" \"${PODS_ROOT}/Manifest.lock\" > /dev/null\nif [ $? != 0 ] ; then\n    # print error to STDERR\n    echo \"error: The sandbox is not in sync with the Podfile.lock. Run 'pod install' or update your CocoaPods installation.\" >&2\n    exit 1\nfi\n";
			showEnvVarsInLog = 0;
		};
		43829E4F80AB15E71CCF3B97 /* [CP] Embed Pods Frameworks */ = {
			isa = PBXShellScriptBuildPhase;
			buildActionMask = 2147483647;
			files = (
			);
			inputPaths = (
			);
			name = "[CP] Embed Pods Frameworks";
			outputPaths = (
			);
			runOnlyForDeploymentPostprocessing = 0;
			shellPath = /bin/sh;
			shellScript = "\"${SRCROOT}/Pods/Target Support Files/Pods-pokedexTests/Pods-pokedexTests-frameworks.sh\"\n";
			showEnvVarsInLog = 0;
		};
		5967254E043BA0611CF9C7FA /* [CP] Copy Pods Resources */ = {
			isa = PBXShellScriptBuildPhase;
			buildActionMask = 2147483647;
			files = (
			);
			inputPaths = (
			);
			name = "[CP] Copy Pods Resources";
			outputPaths = (
			);
			runOnlyForDeploymentPostprocessing = 0;
			shellPath = /bin/sh;
			shellScript = "\"${SRCROOT}/Pods/Target Support Files/Pods-pokedex/Pods-pokedex-resources.sh\"\n";
			showEnvVarsInLog = 0;
		};
		741F50374738E19CC441E329 /* [CP] Embed Pods Frameworks */ = {
			isa = PBXShellScriptBuildPhase;
			buildActionMask = 2147483647;
			files = (
			);
			inputPaths = (
			);
			name = "[CP] Embed Pods Frameworks";
			outputPaths = (
			);
			runOnlyForDeploymentPostprocessing = 0;
			shellPath = /bin/sh;
			shellScript = "\"${SRCROOT}/Pods/Target Support Files/Pods-pokedexUITests/Pods-pokedexUITests-frameworks.sh\"\n";
			showEnvVarsInLog = 0;
		};
		8A729C377CA1B5BE8B43BBA5 /* [CP] Copy Pods Resources */ = {
			isa = PBXShellScriptBuildPhase;
			buildActionMask = 2147483647;
			files = (
			);
			inputPaths = (
			);
			name = "[CP] Copy Pods Resources";
			outputPaths = (
			);
			runOnlyForDeploymentPostprocessing = 0;
			shellPath = /bin/sh;
			shellScript = "\"${SRCROOT}/Pods/Target Support Files/Pods-pokedexUITests/Pods-pokedexUITests-resources.sh\"\n";
			showEnvVarsInLog = 0;
		};
		8E353F6BC5AA809B45A21468 /* [CP] Check Pods Manifest.lock */ = {
			isa = PBXShellScriptBuildPhase;
			buildActionMask = 2147483647;
			files = (
			);
			inputPaths = (
			);
			name = "[CP] Check Pods Manifest.lock";
			outputPaths = (
			);
			runOnlyForDeploymentPostprocessing = 0;
			shellPath = /bin/sh;
			shellScript = "diff \"${PODS_PODFILE_DIR_PATH}/Podfile.lock\" \"${PODS_ROOT}/Manifest.lock\" > /dev/null\nif [ $? != 0 ] ; then\n    # print error to STDERR\n    echo \"error: The sandbox is not in sync with the Podfile.lock. Run 'pod install' or update your CocoaPods installation.\" >&2\n    exit 1\nfi\n";
			showEnvVarsInLog = 0;
		};
		A892B271867AEFA04ECFDBA0 /* [CP] Embed Pods Frameworks */ = {
			isa = PBXShellScriptBuildPhase;
			buildActionMask = 2147483647;
			files = (
			);
			inputPaths = (
			);
			name = "[CP] Embed Pods Frameworks";
			outputPaths = (
			);
			runOnlyForDeploymentPostprocessing = 0;
			shellPath = /bin/sh;
			shellScript = "\"${SRCROOT}/Pods/Target Support Files/Pods-pokedex/Pods-pokedex-frameworks.sh\"\n";
			showEnvVarsInLog = 0;
		};
		D6A546D827829F9899B0DF29 /* [CP] Check Pods Manifest.lock */ = {
			isa = PBXShellScriptBuildPhase;
			buildActionMask = 2147483647;
			files = (
			);
			inputPaths = (
			);
			name = "[CP] Check Pods Manifest.lock";
			outputPaths = (
			);
			runOnlyForDeploymentPostprocessing = 0;
			shellPath = /bin/sh;
			shellScript = "diff \"${PODS_PODFILE_DIR_PATH}/Podfile.lock\" \"${PODS_ROOT}/Manifest.lock\" > /dev/null\nif [ $? != 0 ] ; then\n    # print error to STDERR\n    echo \"error: The sandbox is not in sync with the Podfile.lock. Run 'pod install' or update your CocoaPods installation.\" >&2\n    exit 1\nfi\n";
			showEnvVarsInLog = 0;
		};
		F83F3C7612C7E1CB2C4557A7 /* [CP] Copy Pods Resources */ = {
			isa = PBXShellScriptBuildPhase;
			buildActionMask = 2147483647;
			files = (
			);
			inputPaths = (
			);
			name = "[CP] Copy Pods Resources";
			outputPaths = (
			);
			runOnlyForDeploymentPostprocessing = 0;
			shellPath = /bin/sh;
			shellScript = "\"${SRCROOT}/Pods/Target Support Files/Pods-pokedexTests/Pods-pokedexTests-resources.sh\"\n";
			showEnvVarsInLog = 0;
		};
/* End PBXShellScriptBuildPhase section */

/* Begin PBXSourcesBuildPhase section */
		19A891F61EB6E33E0025529F /* Sources */ = {
			isa = PBXSourcesBuildPhase;
			buildActionMask = 2147483647;
			files = (
				19A892321EB6EC6D0025529F /* PokeCell.swift in Sources */,
				19A892001EB6E33E0025529F /* ViewController.swift in Sources */,
				19A891FE1EB6E33E0025529F /* AppDelegate.swift in Sources */,
				19331B8F1EB7BD6A0048899E /* PokemonDetailVC.swift in Sources */,
				19331B911EB8302E0048899E /* Constants.swift in Sources */,
				19A8922E1EB6E7C60025529F /* Pokemon.swift in Sources */,
				19A892381EB6F3F10025529F /* csv.swift in Sources */,
			);
			runOnlyForDeploymentPostprocessing = 0;
		};
		19A8920A1EB6E33E0025529F /* Sources */ = {
			isa = PBXSourcesBuildPhase;
			buildActionMask = 2147483647;
			files = (
				19A892131EB6E33E0025529F /* pokedexTests.swift in Sources */,
			);
			runOnlyForDeploymentPostprocessing = 0;
		};
		19A892151EB6E33E0025529F /* Sources */ = {
			isa = PBXSourcesBuildPhase;
			buildActionMask = 2147483647;
			files = (
				19A8921E1EB6E33F0025529F /* pokedexUITests.swift in Sources */,
			);
			runOnlyForDeploymentPostprocessing = 0;
		};
/* End PBXSourcesBuildPhase section */

/* Begin PBXTargetDependency section */
		19A892101EB6E33E0025529F /* PBXTargetDependency */ = {
			isa = PBXTargetDependency;
			target = 19A891F91EB6E33E0025529F /* pokedex */;
			targetProxy = 19A8920F1EB6E33E0025529F /* PBXContainerItemProxy */;
		};
		19A8921B1EB6E33E0025529F /* PBXTargetDependency */ = {
			isa = PBXTargetDependency;
			target = 19A891F91EB6E33E0025529F /* pokedex */;
			targetProxy = 19A8921A1EB6E33E0025529F /* PBXContainerItemProxy */;
		};
/* End PBXTargetDependency section */

/* Begin PBXVariantGroup section */
		19A892011EB6E33E0025529F /* Main.storyboard */ = {
			isa = PBXVariantGroup;
			children = (
				19A892021EB6E33E0025529F /* Base */,
			);
			name = Main.storyboard;
			sourceTree = "<group>";
		};
		19A892061EB6E33E0025529F /* LaunchScreen.storyboard */ = {
			isa = PBXVariantGroup;
			children = (
				19A892071EB6E33E0025529F /* Base */,
			);
			name = LaunchScreen.storyboard;
			sourceTree = "<group>";
		};
/* End PBXVariantGroup section */

/* Begin XCBuildConfiguration section */
		19A892201EB6E33F0025529F /* Debug */ = {
			isa = XCBuildConfiguration;
			buildSettings = {
				ALWAYS_SEARCH_USER_PATHS = NO;
				CLANG_ANALYZER_NONNULL = YES;
				CLANG_ANALYZER_NUMBER_OBJECT_CONVERSION = YES_AGGRESSIVE;
				CLANG_CXX_LANGUAGE_STANDARD = "gnu++0x";
				CLANG_CXX_LIBRARY = "libc++";
				CLANG_ENABLE_MODULES = YES;
				CLANG_ENABLE_OBJC_ARC = YES;
				CLANG_WARN_BOOL_CONVERSION = YES;
				CLANG_WARN_CONSTANT_CONVERSION = YES;
				CLANG_WARN_DIRECT_OBJC_ISA_USAGE = YES_ERROR;
				CLANG_WARN_DOCUMENTATION_COMMENTS = YES;
				CLANG_WARN_EMPTY_BODY = YES;
				CLANG_WARN_ENUM_CONVERSION = YES;
				CLANG_WARN_INFINITE_RECURSION = YES;
				CLANG_WARN_INT_CONVERSION = YES;
				CLANG_WARN_OBJC_ROOT_CLASS = YES_ERROR;
				CLANG_WARN_SUSPICIOUS_MOVE = YES;
				CLANG_WARN_UNREACHABLE_CODE = YES;
				CLANG_WARN__DUPLICATE_METHOD_MATCH = YES;
				"CODE_SIGN_IDENTITY[sdk=iphoneos*]" = "iPhone Developer";
				COPY_PHASE_STRIP = NO;
				DEBUG_INFORMATION_FORMAT = dwarf;
				ENABLE_STRICT_OBJC_MSGSEND = YES;
				ENABLE_TESTABILITY = YES;
				GCC_C_LANGUAGE_STANDARD = gnu99;
				GCC_DYNAMIC_NO_PIC = NO;
				GCC_NO_COMMON_BLOCKS = YES;
				GCC_OPTIMIZATION_LEVEL = 0;
				GCC_PREPROCESSOR_DEFINITIONS = (
					"DEBUG=1",
					"$(inherited)",
				);
				GCC_WARN_64_TO_32_BIT_CONVERSION = YES;
				GCC_WARN_ABOUT_RETURN_TYPE = YES_ERROR;
				GCC_WARN_UNDECLARED_SELECTOR = YES;
				GCC_WARN_UNINITIALIZED_AUTOS = YES_AGGRESSIVE;
				GCC_WARN_UNUSED_FUNCTION = YES;
				GCC_WARN_UNUSED_VARIABLE = YES;
				IPHONEOS_DEPLOYMENT_TARGET = 10.3;
				MTL_ENABLE_DEBUG_INFO = YES;
				ONLY_ACTIVE_ARCH = YES;
				SDKROOT = iphoneos;
				SWIFT_ACTIVE_COMPILATION_CONDITIONS = DEBUG;
				SWIFT_OPTIMIZATION_LEVEL = "-Onone";
				TARGETED_DEVICE_FAMILY = "1,2";
			};
			name = Debug;
		};
		19A892211EB6E33F0025529F /* Release */ = {
			isa = XCBuildConfiguration;
			buildSettings = {
				ALWAYS_SEARCH_USER_PATHS = NO;
				CLANG_ANALYZER_NONNULL = YES;
				CLANG_ANALYZER_NUMBER_OBJECT_CONVERSION = YES_AGGRESSIVE;
				CLANG_CXX_LANGUAGE_STANDARD = "gnu++0x";
				CLANG_CXX_LIBRARY = "libc++";
				CLANG_ENABLE_MODULES = YES;
				CLANG_ENABLE_OBJC_ARC = YES;
				CLANG_WARN_BOOL_CONVERSION = YES;
				CLANG_WARN_CONSTANT_CONVERSION = YES;
				CLANG_WARN_DIRECT_OBJC_ISA_USAGE = YES_ERROR;
				CLANG_WARN_DOCUMENTATION_COMMENTS = YES;
				CLANG_WARN_EMPTY_BODY = YES;
				CLANG_WARN_ENUM_CONVERSION = YES;
				CLANG_WARN_INFINITE_RECURSION = YES;
				CLANG_WARN_INT_CONVERSION = YES;
				CLANG_WARN_OBJC_ROOT_CLASS = YES_ERROR;
				CLANG_WARN_SUSPICIOUS_MOVE = YES;
				CLANG_WARN_UNREACHABLE_CODE = YES;
				CLANG_WARN__DUPLICATE_METHOD_MATCH = YES;
				"CODE_SIGN_IDENTITY[sdk=iphoneos*]" = "iPhone Developer";
				COPY_PHASE_STRIP = NO;
				DEBUG_INFORMATION_FORMAT = "dwarf-with-dsym";
				ENABLE_NS_ASSERTIONS = NO;
				ENABLE_STRICT_OBJC_MSGSEND = YES;
				GCC_C_LANGUAGE_STANDARD = gnu99;
				GCC_NO_COMMON_BLOCKS = YES;
				GCC_WARN_64_TO_32_BIT_CONVERSION = YES;
				GCC_WARN_ABOUT_RETURN_TYPE = YES_ERROR;
				GCC_WARN_UNDECLARED_SELECTOR = YES;
				GCC_WARN_UNINITIALIZED_AUTOS = YES_AGGRESSIVE;
				GCC_WARN_UNUSED_FUNCTION = YES;
				GCC_WARN_UNUSED_VARIABLE = YES;
				IPHONEOS_DEPLOYMENT_TARGET = 10.3;
				MTL_ENABLE_DEBUG_INFO = NO;
				SDKROOT = iphoneos;
				SWIFT_OPTIMIZATION_LEVEL = "-Owholemodule";
				TARGETED_DEVICE_FAMILY = "1,2";
				VALIDATE_PRODUCT = YES;
			};
			name = Release;
		};
		19A892231EB6E33F0025529F /* Debug */ = {
			isa = XCBuildConfiguration;
			baseConfigurationReference = 64B15062E570B1EF11E44723 /* Pods-pokedex.debug.xcconfig */;
			buildSettings = {
				ASSETCATALOG_COMPILER_APPICON_NAME = AppIcon;
				DEVELOPMENT_TEAM = CTY3C6S5RP;
				INFOPLIST_FILE = pokedex/Info.plist;
				LD_RUNPATH_SEARCH_PATHS = "$(inherited) @executable_path/Frameworks";
				PRODUCT_BUNDLE_IDENTIFIER = com.Toillion.pokedex;
				PRODUCT_NAME = "$(TARGET_NAME)";
				SWIFT_VERSION = 3.0;
			};
			name = Debug;
		};
		19A892241EB6E33F0025529F /* Release */ = {
			isa = XCBuildConfiguration;
			baseConfigurationReference = 04EF15E1713BC7879821053E /* Pods-pokedex.release.xcconfig */;
			buildSettings = {
				ASSETCATALOG_COMPILER_APPICON_NAME = AppIcon;
				DEVELOPMENT_TEAM = CTY3C6S5RP;
				INFOPLIST_FILE = pokedex/Info.plist;
				LD_RUNPATH_SEARCH_PATHS = "$(inherited) @executable_path/Frameworks";
				PRODUCT_BUNDLE_IDENTIFIER = com.Toillion.pokedex;
				PRODUCT_NAME = "$(TARGET_NAME)";
				SWIFT_VERSION = 3.0;
			};
			name = Release;
		};
		19A892261EB6E33F0025529F /* Debug */ = {
			isa = XCBuildConfiguration;
			baseConfigurationReference = 734DEA1F182B9AADE3AA1102 /* Pods-pokedexTests.debug.xcconfig */;
			buildSettings = {
				ALWAYS_EMBED_SWIFT_STANDARD_LIBRARIES = YES;
				BUNDLE_LOADER = "$(TEST_HOST)";
				DEVELOPMENT_TEAM = CTY3C6S5RP;
				INFOPLIST_FILE = pokedexTests/Info.plist;
				LD_RUNPATH_SEARCH_PATHS = "$(inherited) @executable_path/Frameworks @loader_path/Frameworks";
				PRODUCT_BUNDLE_IDENTIFIER = com.Toillion.pokedexTests;
				PRODUCT_NAME = "$(TARGET_NAME)";
				SWIFT_VERSION = 3.0;
				TEST_HOST = "$(BUILT_PRODUCTS_DIR)/pokedex.app/pokedex";
			};
			name = Debug;
		};
		19A892271EB6E33F0025529F /* Release */ = {
			isa = XCBuildConfiguration;
			baseConfigurationReference = 8201B7B96D4DA8A4A0D18DBD /* Pods-pokedexTests.release.xcconfig */;
			buildSettings = {
				ALWAYS_EMBED_SWIFT_STANDARD_LIBRARIES = YES;
				BUNDLE_LOADER = "$(TEST_HOST)";
				DEVELOPMENT_TEAM = CTY3C6S5RP;
				INFOPLIST_FILE = pokedexTests/Info.plist;
				LD_RUNPATH_SEARCH_PATHS = "$(inherited) @executable_path/Frameworks @loader_path/Frameworks";
				PRODUCT_BUNDLE_IDENTIFIER = com.Toillion.pokedexTests;
				PRODUCT_NAME = "$(TARGET_NAME)";
				SWIFT_VERSION = 3.0;
				TEST_HOST = "$(BUILT_PRODUCTS_DIR)/pokedex.app/pokedex";
			};
			name = Release;
		};
		19A892291EB6E33F0025529F /* Debug */ = {
			isa = XCBuildConfiguration;
			baseConfigurationReference = DCB17300CEDFE791CE6F9083 /* Pods-pokedexUITests.debug.xcconfig */;
			buildSettings = {
				ALWAYS_EMBED_SWIFT_STANDARD_LIBRARIES = YES;
				DEVELOPMENT_TEAM = CTY3C6S5RP;
				INFOPLIST_FILE = pokedexUITests/Info.plist;
				LD_RUNPATH_SEARCH_PATHS = "$(inherited) @executable_path/Frameworks @loader_path/Frameworks";
				PRODUCT_BUNDLE_IDENTIFIER = com.Toillion.pokedexUITests;
				PRODUCT_NAME = "$(TARGET_NAME)";
				SWIFT_VERSION = 3.0;
				TEST_TARGET_NAME = pokedex;
			};
			name = Debug;
		};
		19A8922A1EB6E33F0025529F /* Release */ = {
			isa = XCBuildConfiguration;
			baseConfigurationReference = 5E365A3B89A31C5448299F17 /* Pods-pokedexUITests.release.xcconfig */;
			buildSettings = {
				ALWAYS_EMBED_SWIFT_STANDARD_LIBRARIES = YES;
				DEVELOPMENT_TEAM = CTY3C6S5RP;
				INFOPLIST_FILE = pokedexUITests/Info.plist;
				LD_RUNPATH_SEARCH_PATHS = "$(inherited) @executable_path/Frameworks @loader_path/Frameworks";
				PRODUCT_BUNDLE_IDENTIFIER = com.Toillion.pokedexUITests;
				PRODUCT_NAME = "$(TARGET_NAME)";
				SWIFT_VERSION = 3.0;
				TEST_TARGET_NAME = pokedex;
			};
			name = Release;
		};
/* End XCBuildConfiguration section */

/* Begin XCConfigurationList section */
		19A891F51EB6E33E0025529F /* Build configuration list for PBXProject "pokedex" */ = {
			isa = XCConfigurationList;
			buildConfigurations = (
				19A892201EB6E33F0025529F /* Debug */,
				19A892211EB6E33F0025529F /* Release */,
			);
			defaultConfigurationIsVisible = 0;
			defaultConfigurationName = Release;
		};
		19A892221EB6E33F0025529F /* Build configuration list for PBXNativeTarget "pokedex" */ = {
			isa = XCConfigurationList;
			buildConfigurations = (
				19A892231EB6E33F0025529F /* Debug */,
				19A892241EB6E33F0025529F /* Release */,
			);
			defaultConfigurationIsVisible = 0;
			defaultConfigurationName = Release;
		};
		19A892251EB6E33F0025529F /* Build configuration list for PBXNativeTarget "pokedexTests" */ = {
			isa = XCConfigurationList;
			buildConfigurations = (
				19A892261EB6E33F0025529F /* Debug */,
				19A892271EB6E33F0025529F /* Release */,
			);
			defaultConfigurationIsVisible = 0;
			defaultConfigurationName = Release;
		};
		19A892281EB6E33F0025529F /* Build configuration list for PBXNativeTarget "pokedexUITests" */ = {
			isa = XCConfigurationList;
			buildConfigurations = (
				19A892291EB6E33F0025529F /* Debug */,
				19A8922A1EB6E33F0025529F /* Release */,
			);
			defaultConfigurationIsVisible = 0;
			defaultConfigurationName = Release;
		};
/* End XCConfigurationList section */
	};
	rootObject = 19A891F21EB6E33E0025529F /* Project object */;
}
